// !$*UTF8*$!
{
	archiveVersion = 1;
	classes = {
	};
	objectVersion = 48;
	objects = {

/* Begin PBXBuildFile section */
		730FC1371FA3725300F5C9F9 /* APIClient.swift in Sources */ = {isa = PBXBuildFile; fileRef = 730FC1361FA3725300F5C9F9 /* APIClient.swift */; };
		730FC1391FA373B000F5C9F9 /* DependenciesProviderAbstractMock.swift in Sources */ = {isa = PBXBuildFile; fileRef = 730FC1381FA373B000F5C9F9 /* DependenciesProviderAbstractMock.swift */; };
		730FC13B1FA3755A00F5C9F9 /* AuthorizationControllerTests.swift in Sources */ = {isa = PBXBuildFile; fileRef = 730FC13A1FA3755A00F5C9F9 /* AuthorizationControllerTests.swift */; };
		730FC13D1FA3761E00F5C9F9 /* Keys.swift in Sources */ = {isa = PBXBuildFile; fileRef = 730FC13C1FA3761E00F5C9F9 /* Keys.swift */; };
		730FC1421FA3DBED00F5C9F9 /* TrackDetailsViewController.swift in Sources */ = {isa = PBXBuildFile; fileRef = 730FC1411FA3DBED00F5C9F9 /* TrackDetailsViewController.swift */; };
		730FC1441FA3DBFB00F5C9F9 /* TrackDetailsView.swift in Sources */ = {isa = PBXBuildFile; fileRef = 730FC1431FA3DBFB00F5C9F9 /* TrackDetailsView.swift */; };
		730FC1461FA44B4C00F5C9F9 /* NetworkActivityManager.swift in Sources */ = {isa = PBXBuildFile; fileRef = 730FC1451FA44B4C00F5C9F9 /* NetworkActivityManager.swift */; };
		731882911FA20C9B00D9D865 /* AuthorizationController.swift in Sources */ = {isa = PBXBuildFile; fileRef = 731882901FA20C9B00D9D865 /* AuthorizationController.swift */; };
		731882A41FA20DBC00D9D865 /* View.swift in Sources */ = {isa = PBXBuildFile; fileRef = 731882A31FA20DBC00D9D865 /* View.swift */; };
		731882A61FA20DD400D9D865 /* ViewController.swift in Sources */ = {isa = PBXBuildFile; fileRef = 731882A51FA20DD400D9D865 /* ViewController.swift */; };
		731882A71FA20E5200D9D865 /* ApplicationDependencies.swift in Sources */ = {isa = PBXBuildFile; fileRef = 731882A21FA20DA100D9D865 /* ApplicationDependencies.swift */; };
		731882A91FA20E8A00D9D865 /* ApplicationController.swift in Sources */ = {isa = PBXBuildFile; fileRef = 731882A81FA20E8A00D9D865 /* ApplicationController.swift */; };
		731882AC1FA20ED500D9D865 /* AlbumsViewController.swift in Sources */ = {isa = PBXBuildFile; fileRef = 731882AB1FA20ED500D9D865 /* AlbumsViewController.swift */; };
		731882AE1FA20EEA00D9D865 /* AlbumsView.swift in Sources */ = {isa = PBXBuildFile; fileRef = 731882AD1FA20EEA00D9D865 /* AlbumsView.swift */; };
		731882B21FA20FDA00D9D865 /* UIKit.UIView.swift in Sources */ = {isa = PBXBuildFile; fileRef = 731882B11FA20FDA00D9D865 /* UIKit.UIView.swift */; };
		731882B81FA21C8100D9D865 /* AlbumCell.swift in Sources */ = {isa = PBXBuildFile; fileRef = 731882B71FA21C8100D9D865 /* AlbumCell.swift */; };
		731882BA1FA21CA500D9D865 /* TableViewCell.swift in Sources */ = {isa = PBXBuildFile; fileRef = 731882B91FA21CA500D9D865 /* TableViewCell.swift */; };
		731882BD1FA21CD000D9D865 /* Reusable.swift in Sources */ = {isa = PBXBuildFile; fileRef = 731882BC1FA21CD000D9D865 /* Reusable.swift */; };
		731882BF1FA21D0500D9D865 /* UIKit.UITableView.swift in Sources */ = {isa = PBXBuildFile; fileRef = 731882BE1FA21D0500D9D865 /* UIKit.UITableView.swift */; };
		731882C11FA2204300D9D865 /* AlbumRequest.swift in Sources */ = {isa = PBXBuildFile; fileRef = 731882C01FA2204300D9D865 /* AlbumRequest.swift */; };
		731882C61FA22D3600D9D865 /* Album.swift in Sources */ = {isa = PBXBuildFile; fileRef = 731882C51FA22D3600D9D865 /* Album.swift */; };
		731882C81FA22F0500D9D865 /* UntypedError.swift in Sources */ = {isa = PBXBuildFile; fileRef = 731882C71FA22F0500D9D865 /* UntypedError.swift */; };
		731B6B8B1FA5FEB900C6D30E /* ReleasesRequest.swift in Sources */ = {isa = PBXBuildFile; fileRef = 731B6B8A1FA5FEB900C6D30E /* ReleasesRequest.swift */; };
		731B6B8D1FA5FF2F00C6D30E /* Release.swift in Sources */ = {isa = PBXBuildFile; fileRef = 731B6B8C1FA5FF2F00C6D30E /* Release.swift */; };
		731B6B8F1FA5FFA400C6D30E /* Artist.swift in Sources */ = {isa = PBXBuildFile; fileRef = 731B6B8E1FA5FFA400C6D30E /* Artist.swift */; };
		731B6B911FA6066100C6D30E /* ReleaseRequestTests.swift in Sources */ = {isa = PBXBuildFile; fileRef = 731B6B901FA6066100C6D30E /* ReleaseRequestTests.swift */; };
		731B6B931FA606E900C6D30E /* ArtistRequests.swift in Sources */ = {isa = PBXBuildFile; fileRef = 731B6B921FA606E900C6D30E /* ArtistRequests.swift */; };
		7339A3201FA4E347003524F2 /* RemoteImageDownloader.swift in Sources */ = {isa = PBXBuildFile; fileRef = 7339A31F1FA4E347003524F2 /* RemoteImageDownloader.swift */; };
		73B67AF31FA1F4F600C47C00 /* AppDelegate.swift in Sources */ = {isa = PBXBuildFile; fileRef = 73B67AF21FA1F4F600C47C00 /* AppDelegate.swift */; };
		73B67AFA1FA1F4F600C47C00 /* Assets.xcassets in Resources */ = {isa = PBXBuildFile; fileRef = 73B67AF91FA1F4F600C47C00 /* Assets.xcassets */; };
		73B814F51FA1FE47006E4C23 /* APIClient.swift in Sources */ = {isa = PBXBuildFile; fileRef = 73B814F41FA1FE47006E4C23 /* APIClient.swift */; };
		73B814F71FA1FE8F006E4C23 /* APIService.swift in Sources */ = {isa = PBXBuildFile; fileRef = 73B814F61FA1FE8E006E4C23 /* APIService.swift */; };
		73B814FA1FA1FEB9006E4C23 /* APIRequest.swift in Sources */ = {isa = PBXBuildFile; fileRef = 73B814F81FA1FEB9006E4C23 /* APIRequest.swift */; };
		73B814FB1FA1FEB9006E4C23 /* APIResponse.swift in Sources */ = {isa = PBXBuildFile; fileRef = 73B814F91FA1FEB9006E4C23 /* APIResponse.swift */; };
		73B814FD1FA1FEFB006E4C23 /* APIError.swift in Sources */ = {isa = PBXBuildFile; fileRef = 73B814FC1FA1FEFB006E4C23 /* APIError.swift */; };
		73B815001FA1FFBC006E4C23 /* DiscoGSService.swift in Sources */ = {isa = PBXBuildFile; fileRef = 73B814FF1FA1FFBC006E4C23 /* DiscoGSService.swift */; };
		73B815021FA2009F006E4C23 /* DefaultAPIClient.swift in Sources */ = {isa = PBXBuildFile; fileRef = 73B815011FA2009F006E4C23 /* DefaultAPIClient.swift */; };
		73B815051FA200DC006E4C23 /* Result.swift in Sources */ = {isa = PBXBuildFile; fileRef = 73B815041FA200DC006E4C23 /* Result.swift */; };
		73B815091FA2016C006E4C23 /* Foundation.URLRequest.swift in Sources */ = {isa = PBXBuildFile; fileRef = 73B815071FA20157006E4C23 /* Foundation.URLRequest.swift */; };
		73B8150A1FA2016F006E4C23 /* Foundation.URLComponents.swift in Sources */ = {isa = PBXBuildFile; fileRef = 73B815081FA20157006E4C23 /* Foundation.URLComponents.swift */; };
		73DF080B1FA2349E0013C53A /* Pagination.swift in Sources */ = {isa = PBXBuildFile; fileRef = 73DF080A1FA2349E0013C53A /* Pagination.swift */; };
		73DF080D1FA24D970013C53A /* AlbumResponse.swift in Sources */ = {isa = PBXBuildFile; fileRef = 73DF080C1FA24D960013C53A /* AlbumResponse.swift */; };
		73DF080F1FA2532F0013C53A /* UIKit.UIViewController.swift in Sources */ = {isa = PBXBuildFile; fileRef = 73DF080E1FA2532F0013C53A /* UIKit.UIViewController.swift */; };
		73DF08111FA2534F0013C53A /* UIKit.UIAlertAction.swift in Sources */ = {isa = PBXBuildFile; fileRef = 73DF08101FA2534F0013C53A /* UIKit.UIAlertAction.swift */; };
		73DF08131FA253800013C53A /* Foundation.String.swift in Sources */ = {isa = PBXBuildFile; fileRef = 73DF08121FA253800013C53A /* Foundation.String.swift */; };
		73DF08201FA255C90013C53A /* Localizable.strings in Resources */ = {isa = PBXBuildFile; fileRef = 73DF081E1FA255C90013C53A /* Localizable.strings */; };
		73DF08241FA256920013C53A /* LaunchScreen.storyboard in Resources */ = {isa = PBXBuildFile; fileRef = 73DF08221FA256920013C53A /* LaunchScreen.storyboard */; };
		73DF082E1FA262B50013C53A /* APIQueryParameter.swift in Sources */ = {isa = PBXBuildFile; fileRef = 73DF082D1FA262B50013C53A /* APIQueryParameter.swift */; };
		73DF08331FA30F4C0013C53A /* MyVibeKeys.m in Sources */ = {isa = PBXBuildFile; fileRef = 73DF08311FA30F030013C53A /* MyVibeKeys.m */; };
		73DF0BFB1FA35C130013C53A /* AlbumResponse.json in Resources */ = {isa = PBXBuildFile; fileRef = 73DF0BFA1FA35C130013C53A /* AlbumResponse.json */; };
		73DF0BFD1FA364A70013C53A /* AlbumResponseTest.swift in Sources */ = {isa = PBXBuildFile; fileRef = 73DF0BFC1FA364A70013C53A /* AlbumResponseTest.swift */; };
		73DF0C011FA36A830013C53A /* AlbumsRequestTests.swift in Sources */ = {isa = PBXBuildFile; fileRef = 73DF0C001FA36A830013C53A /* AlbumsRequestTests.swift */; };
/* End PBXBuildFile section */

/* Begin PBXContainerItemProxy section */
		73B67B041FA1F4F600C47C00 /* PBXContainerItemProxy */ = {
			isa = PBXContainerItemProxy;
			containerPortal = 73B67AE71FA1F4F500C47C00 /* Project object */;
			proxyType = 1;
			remoteGlobalIDString = 73B67AEE1FA1F4F500C47C00;
			remoteInfo = MyVibe;
		};
/* End PBXContainerItemProxy section */

/* Begin PBXFileReference section */
		730FC1361FA3725300F5C9F9 /* APIClient.swift */ = {isa = PBXFileReference; lastKnownFileType = sourcecode.swift; path = APIClient.swift; sourceTree = "<group>"; };
		730FC1381FA373B000F5C9F9 /* DependenciesProviderAbstractMock.swift */ = {isa = PBXFileReference; lastKnownFileType = sourcecode.swift; path = DependenciesProviderAbstractMock.swift; sourceTree = "<group>"; };
		730FC13A1FA3755A00F5C9F9 /* AuthorizationControllerTests.swift */ = {isa = PBXFileReference; lastKnownFileType = sourcecode.swift; path = AuthorizationControllerTests.swift; sourceTree = "<group>"; };
		730FC13C1FA3761E00F5C9F9 /* Keys.swift */ = {isa = PBXFileReference; lastKnownFileType = sourcecode.swift; path = Keys.swift; sourceTree = "<group>"; };
		730FC1411FA3DBED00F5C9F9 /* TrackDetailsViewController.swift */ = {isa = PBXFileReference; lastKnownFileType = sourcecode.swift; path = TrackDetailsViewController.swift; sourceTree = "<group>"; };
		730FC1431FA3DBFB00F5C9F9 /* TrackDetailsView.swift */ = {isa = PBXFileReference; lastKnownFileType = sourcecode.swift; path = TrackDetailsView.swift; sourceTree = "<group>"; };
		730FC1451FA44B4C00F5C9F9 /* NetworkActivityManager.swift */ = {isa = PBXFileReference; lastKnownFileType = sourcecode.swift; path = NetworkActivityManager.swift; sourceTree = "<group>"; };
		731882901FA20C9B00D9D865 /* AuthorizationController.swift */ = {isa = PBXFileReference; lastKnownFileType = sourcecode.swift; path = AuthorizationController.swift; sourceTree = "<group>"; };
		731882A21FA20DA100D9D865 /* ApplicationDependencies.swift */ = {isa = PBXFileReference; lastKnownFileType = sourcecode.swift; path = ApplicationDependencies.swift; sourceTree = "<group>"; };
		731882A31FA20DBC00D9D865 /* View.swift */ = {isa = PBXFileReference; lastKnownFileType = sourcecode.swift; path = View.swift; sourceTree = "<group>"; };
		731882A51FA20DD400D9D865 /* ViewController.swift */ = {isa = PBXFileReference; lastKnownFileType = sourcecode.swift; path = ViewController.swift; sourceTree = "<group>"; };
		731882A81FA20E8A00D9D865 /* ApplicationController.swift */ = {isa = PBXFileReference; lastKnownFileType = sourcecode.swift; path = ApplicationController.swift; sourceTree = "<group>"; };
		731882AB1FA20ED500D9D865 /* AlbumsViewController.swift */ = {isa = PBXFileReference; lastKnownFileType = sourcecode.swift; path = AlbumsViewController.swift; sourceTree = "<group>"; };
		731882AD1FA20EEA00D9D865 /* AlbumsView.swift */ = {isa = PBXFileReference; lastKnownFileType = sourcecode.swift; path = AlbumsView.swift; sourceTree = "<group>"; };
		731882B11FA20FDA00D9D865 /* UIKit.UIView.swift */ = {isa = PBXFileReference; lastKnownFileType = sourcecode.swift; path = UIKit.UIView.swift; sourceTree = "<group>"; };
		731882B71FA21C8100D9D865 /* AlbumCell.swift */ = {isa = PBXFileReference; lastKnownFileType = sourcecode.swift; path = AlbumCell.swift; sourceTree = "<group>"; };
		731882B91FA21CA500D9D865 /* TableViewCell.swift */ = {isa = PBXFileReference; lastKnownFileType = sourcecode.swift; path = TableViewCell.swift; sourceTree = "<group>"; };
		731882BC1FA21CD000D9D865 /* Reusable.swift */ = {isa = PBXFileReference; lastKnownFileType = sourcecode.swift; path = Reusable.swift; sourceTree = "<group>"; };
		731882BE1FA21D0500D9D865 /* UIKit.UITableView.swift */ = {isa = PBXFileReference; lastKnownFileType = sourcecode.swift; path = UIKit.UITableView.swift; sourceTree = "<group>"; };
		731882C01FA2204300D9D865 /* AlbumRequest.swift */ = {isa = PBXFileReference; lastKnownFileType = sourcecode.swift; path = AlbumRequest.swift; sourceTree = "<group>"; };
		731882C51FA22D3600D9D865 /* Album.swift */ = {isa = PBXFileReference; lastKnownFileType = sourcecode.swift; path = Album.swift; sourceTree = "<group>"; };
		731882C71FA22F0500D9D865 /* UntypedError.swift */ = {isa = PBXFileReference; lastKnownFileType = sourcecode.swift; path = UntypedError.swift; sourceTree = "<group>"; };
		731B6B8A1FA5FEB900C6D30E /* ReleasesRequest.swift */ = {isa = PBXFileReference; lastKnownFileType = sourcecode.swift; path = ReleasesRequest.swift; sourceTree = "<group>"; };
		731B6B8C1FA5FF2F00C6D30E /* Release.swift */ = {isa = PBXFileReference; lastKnownFileType = sourcecode.swift; path = Release.swift; sourceTree = "<group>"; };
		731B6B8E1FA5FFA400C6D30E /* Artist.swift */ = {isa = PBXFileReference; lastKnownFileType = sourcecode.swift; path = Artist.swift; sourceTree = "<group>"; };
		731B6B901FA6066100C6D30E /* ReleaseRequestTests.swift */ = {isa = PBXFileReference; lastKnownFileType = sourcecode.swift; path = ReleaseRequestTests.swift; sourceTree = "<group>"; };
		731B6B921FA606E900C6D30E /* ArtistRequests.swift */ = {isa = PBXFileReference; lastKnownFileType = sourcecode.swift; path = ArtistRequests.swift; sourceTree = "<group>"; };
		7339A31F1FA4E347003524F2 /* RemoteImageDownloader.swift */ = {isa = PBXFileReference; lastKnownFileType = sourcecode.swift; path = RemoteImageDownloader.swift; sourceTree = "<group>"; };
		73B67AEF1FA1F4F500C47C00 /* MyVibe.app */ = {isa = PBXFileReference; explicitFileType = wrapper.application; includeInIndex = 0; path = MyVibe.app; sourceTree = BUILT_PRODUCTS_DIR; };
		73B67AF21FA1F4F600C47C00 /* AppDelegate.swift */ = {isa = PBXFileReference; lastKnownFileType = sourcecode.swift; path = AppDelegate.swift; sourceTree = "<group>"; };
		73B67AF91FA1F4F600C47C00 /* Assets.xcassets */ = {isa = PBXFileReference; lastKnownFileType = folder.assetcatalog; path = Assets.xcassets; sourceTree = "<group>"; };
		73B67AFE1FA1F4F600C47C00 /* Info.plist */ = {isa = PBXFileReference; lastKnownFileType = text.plist.xml; path = Info.plist; sourceTree = "<group>"; };
		73B67B031FA1F4F600C47C00 /* MyVibe Tests.xctest */ = {isa = PBXFileReference; explicitFileType = wrapper.cfbundle; includeInIndex = 0; path = "MyVibe Tests.xctest"; sourceTree = BUILT_PRODUCTS_DIR; };
		73B67B091FA1F4F600C47C00 /* Tests-Info.plist */ = {isa = PBXFileReference; lastKnownFileType = text.plist.xml; path = "Tests-Info.plist"; sourceTree = "<group>"; };
		73B67B1E1FA1F78800C47C00 /* App.xcconfig */ = {isa = PBXFileReference; lastKnownFileType = text.xcconfig; path = App.xcconfig; sourceTree = "<group>"; };
		73B67B1F1FA1F7A800C47C00 /* Base.xcconfig */ = {isa = PBXFileReference; lastKnownFileType = text.xcconfig; path = Base.xcconfig; sourceTree = "<group>"; };
		73B67B211FA1F7DD00C47C00 /* Release.xcconfig */ = {isa = PBXFileReference; lastKnownFileType = text.xcconfig; path = Release.xcconfig; sourceTree = "<group>"; };
		73B67B221FA1F7DD00C47C00 /* Development.xcconfig */ = {isa = PBXFileReference; lastKnownFileType = text.xcconfig; path = Development.xcconfig; sourceTree = "<group>"; };
		73B67B231FA1F83B00C47C00 /* MyVibe.xcconfig */ = {isa = PBXFileReference; lastKnownFileType = text.xcconfig; path = MyVibe.xcconfig; sourceTree = "<group>"; };
		73B67B241FA1F92500C47C00 /* Tests.xcconfig */ = {isa = PBXFileReference; lastKnownFileType = text.xcconfig; path = Tests.xcconfig; sourceTree = "<group>"; };
		73B814F41FA1FE47006E4C23 /* APIClient.swift */ = {isa = PBXFileReference; lastKnownFileType = sourcecode.swift; path = APIClient.swift; sourceTree = "<group>"; };
		73B814F61FA1FE8E006E4C23 /* APIService.swift */ = {isa = PBXFileReference; lastKnownFileType = sourcecode.swift; path = APIService.swift; sourceTree = "<group>"; };
		73B814F81FA1FEB9006E4C23 /* APIRequest.swift */ = {isa = PBXFileReference; lastKnownFileType = sourcecode.swift; path = APIRequest.swift; sourceTree = "<group>"; };
		73B814F91FA1FEB9006E4C23 /* APIResponse.swift */ = {isa = PBXFileReference; lastKnownFileType = sourcecode.swift; path = APIResponse.swift; sourceTree = "<group>"; };
		73B814FC1FA1FEFB006E4C23 /* APIError.swift */ = {isa = PBXFileReference; lastKnownFileType = sourcecode.swift; path = APIError.swift; sourceTree = "<group>"; };
		73B814FF1FA1FFBC006E4C23 /* DiscoGSService.swift */ = {isa = PBXFileReference; lastKnownFileType = sourcecode.swift; path = DiscoGSService.swift; sourceTree = "<group>"; };
		73B815011FA2009F006E4C23 /* DefaultAPIClient.swift */ = {isa = PBXFileReference; lastKnownFileType = sourcecode.swift; path = DefaultAPIClient.swift; sourceTree = "<group>"; };
		73B815041FA200DC006E4C23 /* Result.swift */ = {isa = PBXFileReference; lastKnownFileType = sourcecode.swift; path = Result.swift; sourceTree = "<group>"; };
		73B815071FA20157006E4C23 /* Foundation.URLRequest.swift */ = {isa = PBXFileReference; lastKnownFileType = sourcecode.swift; path = Foundation.URLRequest.swift; sourceTree = "<group>"; };
		73B815081FA20157006E4C23 /* Foundation.URLComponents.swift */ = {isa = PBXFileReference; lastKnownFileType = sourcecode.swift; path = Foundation.URLComponents.swift; sourceTree = "<group>"; };
		73DF080A1FA2349E0013C53A /* Pagination.swift */ = {isa = PBXFileReference; lastKnownFileType = sourcecode.swift; path = Pagination.swift; sourceTree = "<group>"; };
		73DF080C1FA24D960013C53A /* AlbumResponse.swift */ = {isa = PBXFileReference; lastKnownFileType = sourcecode.swift; path = AlbumResponse.swift; sourceTree = "<group>"; };
		73DF080E1FA2532F0013C53A /* UIKit.UIViewController.swift */ = {isa = PBXFileReference; lastKnownFileType = sourcecode.swift; path = UIKit.UIViewController.swift; sourceTree = "<group>"; };
		73DF08101FA2534F0013C53A /* UIKit.UIAlertAction.swift */ = {isa = PBXFileReference; lastKnownFileType = sourcecode.swift; path = UIKit.UIAlertAction.swift; sourceTree = "<group>"; };
		73DF08121FA253800013C53A /* Foundation.String.swift */ = {isa = PBXFileReference; lastKnownFileType = sourcecode.swift; path = Foundation.String.swift; sourceTree = "<group>"; };
		73DF081F1FA255C90013C53A /* en */ = {isa = PBXFileReference; lastKnownFileType = text.plist.strings; name = en; path = MyVibe/Resources/Storyboards/en.lproj/Localizable.strings; sourceTree = SOURCE_ROOT; };
		73DF08211FA255E20013C53A /* pl */ = {isa = PBXFileReference; lastKnownFileType = text.plist.strings; name = pl; path = ../Storyboards/pl.lproj/Localizable.strings; sourceTree = "<group>"; };
		73DF08231FA256920013C53A /* en */ = {isa = PBXFileReference; lastKnownFileType = file.storyboard; name = en; path = en.lproj/LaunchScreen.storyboard; sourceTree = "<group>"; };
		73DF082D1FA262B50013C53A /* APIQueryParameter.swift */ = {isa = PBXFileReference; lastKnownFileType = sourcecode.swift; path = APIQueryParameter.swift; sourceTree = "<group>"; };
		73DF08301FA30F020013C53A /* MyVibe-Bridging-Header.h */ = {isa = PBXFileReference; lastKnownFileType = sourcecode.c.h; path = "MyVibe-Bridging-Header.h"; sourceTree = "<group>"; };
		73DF08311FA30F030013C53A /* MyVibeKeys.m */ = {isa = PBXFileReference; lastKnownFileType = sourcecode.c.objc; name = MyVibeKeys.m; path = Pods/CocoaPodsKeys/MyVibeKeys.m; sourceTree = SOURCE_ROOT; };
		73DF08321FA30F040013C53A /* MyVibeKeys.h */ = {isa = PBXFileReference; lastKnownFileType = sourcecode.c.h; name = MyVibeKeys.h; path = Pods/CocoaPodsKeys/MyVibeKeys.h; sourceTree = SOURCE_ROOT; };
		73DF0BFA1FA35C130013C53A /* AlbumResponse.json */ = {isa = PBXFileReference; lastKnownFileType = text.json; path = AlbumResponse.json; sourceTree = "<group>"; };
		73DF0BFC1FA364A70013C53A /* AlbumResponseTest.swift */ = {isa = PBXFileReference; lastKnownFileType = sourcecode.swift; path = AlbumResponseTest.swift; sourceTree = "<group>"; };
		73DF0C001FA36A830013C53A /* AlbumsRequestTests.swift */ = {isa = PBXFileReference; lastKnownFileType = sourcecode.swift; path = AlbumsRequestTests.swift; sourceTree = "<group>"; };
/* End PBXFileReference section */

/* Begin PBXFrameworksBuildPhase section */
		73B67AEC1FA1F4F500C47C00 /* Frameworks */ = {
			isa = PBXFrameworksBuildPhase;
			buildActionMask = 2147483647;
			files = (
			);
			runOnlyForDeploymentPostprocessing = 0;
		};
		73B67B001FA1F4F600C47C00 /* Frameworks */ = {
			isa = PBXFrameworksBuildPhase;
			buildActionMask = 2147483647;
			files = (
			);
			runOnlyForDeploymentPostprocessing = 0;
		};
/* End PBXFrameworksBuildPhase section */

/* Begin PBXGroup section */
		730FC1351FA3724600F5C9F9 /* Network */ = {
			isa = PBXGroup;
			children = (
				730FC1361FA3725300F5C9F9 /* APIClient.swift */,
				730FC13A1FA3755A00F5C9F9 /* AuthorizationControllerTests.swift */,
			);
			path = Network;
			sourceTree = "<group>";
		};
		730FC1401FA3DB2600F5C9F9 /* Track details */ = {
			isa = PBXGroup;
			children = (
				730FC1411FA3DBED00F5C9F9 /* TrackDetailsViewController.swift */,
				730FC1431FA3DBFB00F5C9F9 /* TrackDetailsView.swift */,
			);
			path = "Track details";
			sourceTree = "<group>";
		};
		7318828F1FA20C8C00D9D865 /* Authorization */ = {
			isa = PBXGroup;
			children = (
				731882901FA20C9B00D9D865 /* AuthorizationController.swift */,
			);
			path = Authorization;
			sourceTree = "<group>";
		};
		731882941FA20DA100D9D865 /* Abstractions */ = {
			isa = PBXGroup;
			children = (
				731882951FA20DA100D9D865 /* UIKit */,
				731882A11FA20DA100D9D865 /* Application */,
			);
			path = Abstractions;
			sourceTree = "<group>";
		};
		731882951FA20DA100D9D865 /* UIKit */ = {
			isa = PBXGroup;
			children = (
				731882A31FA20DBC00D9D865 /* View.swift */,
				731882A51FA20DD400D9D865 /* ViewController.swift */,
				731882B91FA21CA500D9D865 /* TableViewCell.swift */,
			);
			path = UIKit;
			sourceTree = "<group>";
		};
		731882A11FA20DA100D9D865 /* Application */ = {
			isa = PBXGroup;
			children = (
				731882A21FA20DA100D9D865 /* ApplicationDependencies.swift */,
			);
			path = Application;
			sourceTree = "<group>";
		};
		731882AA1FA20EB600D9D865 /* Tracks */ = {
			isa = PBXGroup;
			children = (
				731882AB1FA20ED500D9D865 /* AlbumsViewController.swift */,
				731882AD1FA20EEA00D9D865 /* AlbumsView.swift */,
				731882B71FA21C8100D9D865 /* AlbumCell.swift */,
			);
			path = Tracks;
			sourceTree = "<group>";
		};
		731882BB1FA21CC400D9D865 /* Protocols */ = {
			isa = PBXGroup;
			children = (
				731882BC1FA21CD000D9D865 /* Reusable.swift */,
			);
			path = Protocols;
			sourceTree = "<group>";
		};
		731882C41FA22D2200D9D865 /* Abstract */ = {
			isa = PBXGroup;
			children = (
				731882C71FA22F0500D9D865 /* UntypedError.swift */,
				73B815041FA200DC006E4C23 /* Result.swift */,
				730FC13C1FA3761E00F5C9F9 /* Keys.swift */,
			);
			path = Abstract;
			sourceTree = "<group>";
		};
		7339A31E1FA4DEA3003524F2 /* Helpers */ = {
			isa = PBXGroup;
			children = (
				7339A31F1FA4E347003524F2 /* RemoteImageDownloader.swift */,
			);
			path = Helpers;
			sourceTree = "<group>";
		};
		73B67AE61FA1F4F500C47C00 = {
			isa = PBXGroup;
			children = (
				73B67AF11FA1F4F500C47C00 /* MyVibe */,
				73B67B061FA1F4F600C47C00 /* MyVibeTests */,
				73B67AF01FA1F4F500C47C00 /* Products */,
			);
			sourceTree = "<group>";
		};
		73B67AF01FA1F4F500C47C00 /* Products */ = {
			isa = PBXGroup;
			children = (
				73B67AEF1FA1F4F500C47C00 /* MyVibe.app */,
				73B67B031FA1F4F600C47C00 /* MyVibe Tests.xctest */,
			);
			name = Products;
			sourceTree = "<group>";
		};
		73B67AF11FA1F4F500C47C00 /* MyVibe */ = {
			isa = PBXGroup;
			children = (
				73B67B121FA1F50E00C47C00 /* Sources */,
				73B67B131FA1F51600C47C00 /* Resources */,
				73B67B141FA1F51E00C47C00 /* Configuration */,
			);
			path = MyVibe;
			sourceTree = "<group>";
		};
		73B67B061FA1F4F600C47C00 /* MyVibeTests */ = {
			isa = PBXGroup;
			children = (
				730FC1351FA3724600F5C9F9 /* Network */,
				73DF0BFF1FA36A6F0013C53A /* Requests */,
				73DF0BFE1FA36A580013C53A /* Models */,
				73DF0BF91FA35BE10013C53A /* Resources */,
			);
			path = MyVibeTests;
			sourceTree = "<group>";
		};
		73B67B121FA1F50E00C47C00 /* Sources */ = {
			isa = PBXGroup;
			children = (
				731882941FA20DA100D9D865 /* Abstractions */,
				73B815061FA20144006E4C23 /* Extensions */,
				7339A31E1FA4DEA3003524F2 /* Helpers */,
				73B67B191FA1F68300C47C00 /* Interface */,
				73B815031FA200D3006E4C23 /* Models */,
				73B814F01FA1FE06006E4C23 /* Network */,
				731882BB1FA21CC400D9D865 /* Protocols */,
				73B67B1A1FA1F69200C47C00 /* Services */,
			);
			path = Sources;
			sourceTree = "<group>";
		};
		73B67B131FA1F51600C47C00 /* Resources */ = {
			isa = PBXGroup;
			children = (
				73B67B161FA1F54B00C47C00 /* Assets */,
				73DF082F1FA30EDC0013C53A /* Keys */,
				73B67B171FA1F55400C47C00 /* Others */,
				73B67B151FA1F53400C47C00 /* Plists */,
				73B67B1B1FA1F6BC00C47C00 /* Storyboards */,
			);
			path = Resources;
			sourceTree = "<group>";
		};
		73B67B141FA1F51E00C47C00 /* Configuration */ = {
			isa = PBXGroup;
			children = (
				73B67B1E1FA1F78800C47C00 /* App.xcconfig */,
				73B67B1F1FA1F7A800C47C00 /* Base.xcconfig */,
				73B67B231FA1F83B00C47C00 /* MyVibe.xcconfig */,
				73B67B241FA1F92500C47C00 /* Tests.xcconfig */,
				73B67B201FA1F7C200C47C00 /* Environments */,
			);
			path = Configuration;
			sourceTree = "<group>";
		};
		73B67B151FA1F53400C47C00 /* Plists */ = {
			isa = PBXGroup;
			children = (
				73B67AFE1FA1F4F600C47C00 /* Info.plist */,
				73B67B091FA1F4F600C47C00 /* Tests-Info.plist */,
			);
			path = Plists;
			sourceTree = "<group>";
		};
		73B67B161FA1F54B00C47C00 /* Assets */ = {
			isa = PBXGroup;
			children = (
				73B67AF91FA1F4F600C47C00 /* Assets.xcassets */,
			);
			path = Assets;
			sourceTree = "<group>";
		};
		73B67B171FA1F55400C47C00 /* Others */ = {
			isa = PBXGroup;
			children = (
				73DF081E1FA255C90013C53A /* Localizable.strings */,
			);
			path = Others;
			sourceTree = "<group>";
		};
		73B67B181FA1F5E600C47C00 /* Screens */ = {
			isa = PBXGroup;
			children = (
				731882AA1FA20EB600D9D865 /* Tracks */,
				730FC1401FA3DB2600F5C9F9 /* Track details */,
			);
			path = Screens;
			sourceTree = "<group>";
		};
		73B67B191FA1F68300C47C00 /* Interface */ = {
			isa = PBXGroup;
			children = (
				73B67B181FA1F5E600C47C00 /* Screens */,
			);
			path = Interface;
			sourceTree = "<group>";
		};
		73B67B1A1FA1F69200C47C00 /* Services */ = {
			isa = PBXGroup;
			children = (
				73B67AF21FA1F4F600C47C00 /* AppDelegate.swift */,
				731882A81FA20E8A00D9D865 /* ApplicationController.swift */,
			);
			path = Services;
			sourceTree = "<group>";
		};
		73B67B1B1FA1F6BC00C47C00 /* Storyboards */ = {
			isa = PBXGroup;
			children = (
				73DF08221FA256920013C53A /* LaunchScreen.storyboard */,
			);
			path = Storyboards;
			sourceTree = "<group>";
		};
		73B67B201FA1F7C200C47C00 /* Environments */ = {
			isa = PBXGroup;
			children = (
				73B67B221FA1F7DD00C47C00 /* Development.xcconfig */,
				73B67B211FA1F7DD00C47C00 /* Release.xcconfig */,
			);
			name = Environments;
			sourceTree = "<group>";
		};
		73B814F01FA1FE06006E4C23 /* Network */ = {
			isa = PBXGroup;
			children = (
				7318828F1FA20C8C00D9D865 /* Authorization */,
				73B8150B1FA206F2006E4C23 /* Requests */,
				73B814FE1FA1FF7A006E4C23 /* Services */,
				73B814F11FA1FE30006E4C23 /* Core */,
				73B815011FA2009F006E4C23 /* DefaultAPIClient.swift */,
				730FC1451FA44B4C00F5C9F9 /* NetworkActivityManager.swift */,
			);
			path = Network;
			sourceTree = "<group>";
		};
		73B814F11FA1FE30006E4C23 /* Core */ = {
			isa = PBXGroup;
			children = (
				73B814FC1FA1FEFB006E4C23 /* APIError.swift */,
				73B814F81FA1FEB9006E4C23 /* APIRequest.swift */,
				73B814F91FA1FEB9006E4C23 /* APIResponse.swift */,
				73B814F61FA1FE8E006E4C23 /* APIService.swift */,
				73B814F41FA1FE47006E4C23 /* APIClient.swift */,
				73DF082D1FA262B50013C53A /* APIQueryParameter.swift */,
			);
			path = Core;
			sourceTree = "<group>";
		};
		73B814FE1FA1FF7A006E4C23 /* Services */ = {
			isa = PBXGroup;
			children = (
				73B814FF1FA1FFBC006E4C23 /* DiscoGSService.swift */,
			);
			path = Services;
			sourceTree = "<group>";
		};
		73B815031FA200D3006E4C23 /* Models */ = {
			isa = PBXGroup;
			children = (
				731882C41FA22D2200D9D865 /* Abstract */,
				731882C51FA22D3600D9D865 /* Album.swift */,
				73DF080A1FA2349E0013C53A /* Pagination.swift */,
				73DF080C1FA24D960013C53A /* AlbumResponse.swift */,
				731B6B8C1FA5FF2F00C6D30E /* Release.swift */,
				731B6B8E1FA5FFA400C6D30E /* Artist.swift */,
			);
			path = Models;
			sourceTree = "<group>";
		};
		73B815061FA20144006E4C23 /* Extensions */ = {
			isa = PBXGroup;
			children = (
				73DF08121FA253800013C53A /* Foundation.String.swift */,
				73B815081FA20157006E4C23 /* Foundation.URLComponents.swift */,
				73B815071FA20157006E4C23 /* Foundation.URLRequest.swift */,
				73DF08101FA2534F0013C53A /* UIKit.UIAlertAction.swift */,
				731882BE1FA21D0500D9D865 /* UIKit.UITableView.swift */,
				731882B11FA20FDA00D9D865 /* UIKit.UIView.swift */,
				73DF080E1FA2532F0013C53A /* UIKit.UIViewController.swift */,
			);
			path = Extensions;
			sourceTree = "<group>";
		};
		73B8150B1FA206F2006E4C23 /* Requests */ = {
			isa = PBXGroup;
			children = (
				731882C01FA2204300D9D865 /* AlbumRequest.swift */,
				731B6B921FA606E900C6D30E /* ArtistRequests.swift */,
				731B6B8A1FA5FEB900C6D30E /* ReleasesRequest.swift */,
			);
			path = Requests;
			sourceTree = "<group>";
		};
		73DF082F1FA30EDC0013C53A /* Keys */ = {
			isa = PBXGroup;
			children = (
				73DF08321FA30F040013C53A /* MyVibeKeys.h */,
				73DF08311FA30F030013C53A /* MyVibeKeys.m */,
				73DF08301FA30F020013C53A /* MyVibe-Bridging-Header.h */,
			);
			path = Keys;
			sourceTree = "<group>";
		};
		73DF0BF91FA35BE10013C53A /* Resources */ = {
			isa = PBXGroup;
			children = (
				73DF0BFA1FA35C130013C53A /* AlbumResponse.json */,
			);
			path = Resources;
			sourceTree = "<group>";
		};
		73DF0BFE1FA36A580013C53A /* Models */ = {
			isa = PBXGroup;
			children = (
				73DF0BFC1FA364A70013C53A /* AlbumResponseTest.swift */,
			);
			path = Models;
			sourceTree = "<group>";
		};
		73DF0BFF1FA36A6F0013C53A /* Requests */ = {
			isa = PBXGroup;
			children = (
				73DF0C001FA36A830013C53A /* AlbumsRequestTests.swift */,
				730FC1381FA373B000F5C9F9 /* DependenciesProviderAbstractMock.swift */,
				731B6B901FA6066100C6D30E /* ReleaseRequestTests.swift */,
			);
			path = Requests;
			sourceTree = "<group>";
		};
/* End PBXGroup section */

/* Begin PBXNativeTarget section */
		73B67AEE1FA1F4F500C47C00 /* MyVibe */ = {
			isa = PBXNativeTarget;
			buildConfigurationList = 73B67B0C1FA1F4F600C47C00 /* Build configuration list for PBXNativeTarget "MyVibe" */;
			buildPhases = (
				73B67AEB1FA1F4F500C47C00 /* Sources */,
				73B67AEC1FA1F4F500C47C00 /* Frameworks */,
				73B67AED1FA1F4F500C47C00 /* Resources */,
			);
			buildRules = (
			);
			dependencies = (
			);
			name = MyVibe;
			productName = MyVibe;
			productReference = 73B67AEF1FA1F4F500C47C00 /* MyVibe.app */;
			productType = "com.apple.product-type.application";
		};
		73B67B021FA1F4F600C47C00 /* MyVibeTests */ = {
			isa = PBXNativeTarget;
			buildConfigurationList = 73B67B0F1FA1F4F600C47C00 /* Build configuration list for PBXNativeTarget "MyVibeTests" */;
			buildPhases = (
				73B67AFF1FA1F4F600C47C00 /* Sources */,
				73B67B001FA1F4F600C47C00 /* Frameworks */,
				73B67B011FA1F4F600C47C00 /* Resources */,
			);
			buildRules = (
			);
			dependencies = (
				73B67B051FA1F4F600C47C00 /* PBXTargetDependency */,
			);
			name = MyVibeTests;
			productName = MyVibeTests;
			productReference = 73B67B031FA1F4F600C47C00 /* MyVibe Tests.xctest */;
			productType = "com.apple.product-type.bundle.unit-test";
		};
/* End PBXNativeTarget section */

/* Begin PBXProject section */
		73B67AE71FA1F4F500C47C00 /* Project object */ = {
			isa = PBXProject;
			attributes = {
				LastSwiftUpdateCheck = 0900;
				LastUpgradeCheck = 0900;
				ORGANIZATIONNAME = SmartApps;
				TargetAttributes = {
					73B67AEE1FA1F4F500C47C00 = {
						CreatedOnToolsVersion = 9.0;
						LastSwiftMigration = 0900;
					};
					73B67B021FA1F4F600C47C00 = {
						CreatedOnToolsVersion = 9.0;
						TestTargetID = 73B67AEE1FA1F4F500C47C00;
					};
				};
			};
			buildConfigurationList = 73B67AEA1FA1F4F500C47C00 /* Build configuration list for PBXProject "MyVibe" */;
			compatibilityVersion = "Xcode 8.0";
			developmentRegion = en;
			hasScannedForEncodings = 0;
			knownRegions = (
				en,
				Base,
				pl,
			);
			mainGroup = 73B67AE61FA1F4F500C47C00;
			productRefGroup = 73B67AF01FA1F4F500C47C00 /* Products */;
			projectDirPath = "";
			projectRoot = "";
			targets = (
				73B67AEE1FA1F4F500C47C00 /* MyVibe */,
				73B67B021FA1F4F600C47C00 /* MyVibeTests */,
			);
		};
/* End PBXProject section */

/* Begin PBXResourcesBuildPhase section */
		73B67AED1FA1F4F500C47C00 /* Resources */ = {
			isa = PBXResourcesBuildPhase;
			buildActionMask = 2147483647;
			files = (
				73DF08241FA256920013C53A /* LaunchScreen.storyboard in Resources */,
				73DF08201FA255C90013C53A /* Localizable.strings in Resources */,
				73B67AFA1FA1F4F600C47C00 /* Assets.xcassets in Resources */,
			);
			runOnlyForDeploymentPostprocessing = 0;
		};
		73B67B011FA1F4F600C47C00 /* Resources */ = {
			isa = PBXResourcesBuildPhase;
			buildActionMask = 2147483647;
			files = (
				73DF0BFB1FA35C130013C53A /* AlbumResponse.json in Resources */,
			);
			runOnlyForDeploymentPostprocessing = 0;
		};
/* End PBXResourcesBuildPhase section */

/* Begin PBXSourcesBuildPhase section */
		73B67AEB1FA1F4F500C47C00 /* Sources */ = {
			isa = PBXSourcesBuildPhase;
			buildActionMask = 2147483647;
			files = (
				731882AC1FA20ED500D9D865 /* AlbumsViewController.swift in Sources */,
				731B6B8D1FA5FF2F00C6D30E /* Release.swift in Sources */,
				730FC13D1FA3761E00F5C9F9 /* Keys.swift in Sources */,
				731882A61FA20DD400D9D865 /* ViewController.swift in Sources */,
				73B814F71FA1FE8F006E4C23 /* APIService.swift in Sources */,
				73DF082E1FA262B50013C53A /* APIQueryParameter.swift in Sources */,
				73DF08331FA30F4C0013C53A /* MyVibeKeys.m in Sources */,
				73DF080F1FA2532F0013C53A /* UIKit.UIViewController.swift in Sources */,
				731882BF1FA21D0500D9D865 /* UIKit.UITableView.swift in Sources */,
				7339A3201FA4E347003524F2 /* RemoteImageDownloader.swift in Sources */,
				73B67AF31FA1F4F600C47C00 /* AppDelegate.swift in Sources */,
				73B8150A1FA2016F006E4C23 /* Foundation.URLComponents.swift in Sources */,
				731B6B931FA606E900C6D30E /* ArtistRequests.swift in Sources */,
				731882AE1FA20EEA00D9D865 /* AlbumsView.swift in Sources */,
				73B814FA1FA1FEB9006E4C23 /* APIRequest.swift in Sources */,
				731882B81FA21C8100D9D865 /* AlbumCell.swift in Sources */,
				731882B21FA20FDA00D9D865 /* UIKit.UIView.swift in Sources */,
				731B6B8B1FA5FEB900C6D30E /* ReleasesRequest.swift in Sources */,
				731882C81FA22F0500D9D865 /* UntypedError.swift in Sources */,
				73B815021FA2009F006E4C23 /* DefaultAPIClient.swift in Sources */,
				731882A91FA20E8A00D9D865 /* ApplicationController.swift in Sources */,
				730FC1421FA3DBED00F5C9F9 /* TrackDetailsViewController.swift in Sources */,
				73B815001FA1FFBC006E4C23 /* DiscoGSService.swift in Sources */,
				731882C61FA22D3600D9D865 /* Album.swift in Sources */,
				73DF080B1FA2349E0013C53A /* Pagination.swift in Sources */,
				731882BD1FA21CD000D9D865 /* Reusable.swift in Sources */,
				731882BA1FA21CA500D9D865 /* TableViewCell.swift in Sources */,
				731882C11FA2204300D9D865 /* AlbumRequest.swift in Sources */,
				73DF08131FA253800013C53A /* Foundation.String.swift in Sources */,
				73B815051FA200DC006E4C23 /* Result.swift in Sources */,
				73B815091FA2016C006E4C23 /* Foundation.URLRequest.swift in Sources */,
				73B814F51FA1FE47006E4C23 /* APIClient.swift in Sources */,
				73B814FB1FA1FEB9006E4C23 /* APIResponse.swift in Sources */,
				73DF08111FA2534F0013C53A /* UIKit.UIAlertAction.swift in Sources */,
				731B6B8F1FA5FFA400C6D30E /* Artist.swift in Sources */,
				73B814FD1FA1FEFB006E4C23 /* APIError.swift in Sources */,
				730FC1441FA3DBFB00F5C9F9 /* TrackDetailsView.swift in Sources */,
				731882A41FA20DBC00D9D865 /* View.swift in Sources */,
				731882911FA20C9B00D9D865 /* AuthorizationController.swift in Sources */,
				730FC1461FA44B4C00F5C9F9 /* NetworkActivityManager.swift in Sources */,
				73DF080D1FA24D970013C53A /* AlbumResponse.swift in Sources */,
				731882A71FA20E5200D9D865 /* ApplicationDependencies.swift in Sources */,
			);
			runOnlyForDeploymentPostprocessing = 0;
		};
		73B67AFF1FA1F4F600C47C00 /* Sources */ = {
			isa = PBXSourcesBuildPhase;
			buildActionMask = 2147483647;
			files = (
				73DF0BFD1FA364A70013C53A /* AlbumResponseTest.swift in Sources */,
				730FC13B1FA3755A00F5C9F9 /* AuthorizationControllerTests.swift in Sources */,
				730FC1391FA373B000F5C9F9 /* DependenciesProviderAbstractMock.swift in Sources */,
				731B6B911FA6066100C6D30E /* ReleaseRequestTests.swift in Sources */,
				73DF0C011FA36A830013C53A /* AlbumsRequestTests.swift in Sources */,
				730FC1371FA3725300F5C9F9 /* APIClient.swift in Sources */,
			);
			runOnlyForDeploymentPostprocessing = 0;
		};
/* End PBXSourcesBuildPhase section */

/* Begin PBXTargetDependency section */
		73B67B051FA1F4F600C47C00 /* PBXTargetDependency */ = {
			isa = PBXTargetDependency;
			target = 73B67AEE1FA1F4F500C47C00 /* MyVibe */;
			targetProxy = 73B67B041FA1F4F600C47C00 /* PBXContainerItemProxy */;
		};
/* End PBXTargetDependency section */

/* Begin PBXVariantGroup section */
		73DF081E1FA255C90013C53A /* Localizable.strings */ = {
			isa = PBXVariantGroup;
			children = (
				73DF081F1FA255C90013C53A /* en */,
				73DF08211FA255E20013C53A /* pl */,
			);
			name = Localizable.strings;
			sourceTree = "<group>";
		};
		73DF08221FA256920013C53A /* LaunchScreen.storyboard */ = {
			isa = PBXVariantGroup;
			children = (
				73DF08231FA256920013C53A /* en */,
			);
			name = LaunchScreen.storyboard;
			sourceTree = "<group>";
		};
/* End PBXVariantGroup section */

/* Begin XCBuildConfiguration section */
		73B67B0A1FA1F4F600C47C00 /* Development */ = {
			isa = XCBuildConfiguration;
			baseConfigurationReference = 73B67B221FA1F7DD00C47C00 /* Development.xcconfig */;
			buildSettings = {
			};
			name = Development;
		};
		73B67B0B1FA1F4F600C47C00 /* Release */ = {
			isa = XCBuildConfiguration;
			baseConfigurationReference = 73B67B211FA1F7DD00C47C00 /* Release.xcconfig */;
			buildSettings = {
			};
			name = Release;
		};
		73B67B0D1FA1F4F600C47C00 /* Development */ = {
			isa = XCBuildConfiguration;
			baseConfigurationReference = 73B67B231FA1F83B00C47C00 /* MyVibe.xcconfig */;
			buildSettings = {
			};
			name = Development;
		};
		73B67B0E1FA1F4F600C47C00 /* Release */ = {
			isa = XCBuildConfiguration;
			baseConfigurationReference = 73B67B231FA1F83B00C47C00 /* MyVibe.xcconfig */;
			buildSettings = {
			};
			name = Release;
		};
		73B67B101FA1F4F600C47C00 /* Development */ = {
			isa = XCBuildConfiguration;
			baseConfigurationReference = 73B67B241FA1F92500C47C00 /* Tests.xcconfig */;
			buildSettings = {
			};
			name = Development;
		};
		73B67B111FA1F4F600C47C00 /* Release */ = {
			isa = XCBuildConfiguration;
			baseConfigurationReference = 73B67B241FA1F92500C47C00 /* Tests.xcconfig */;
			buildSettings = {
			};
			name = Release;
		};
/* End XCBuildConfiguration section */

/* Begin XCConfigurationList section */
		73B67AEA1FA1F4F500C47C00 /* Build configuration list for PBXProject "MyVibe" */ = {
			isa = XCConfigurationList;
			buildConfigurations = (
				73B67B0A1FA1F4F600C47C00 /* Development */,
				73B67B0B1FA1F4F600C47C00 /* Release */,
			);
			defaultConfigurationIsVisible = 0;
			defaultConfigurationName = Release;
		};
		73B67B0C1FA1F4F600C47C00 /* Build configuration list for PBXNativeTarget "MyVibe" */ = {
			isa = XCConfigurationList;
			buildConfigurations = (
				73B67B0D1FA1F4F600C47C00 /* Development */,
				73B67B0E1FA1F4F600C47C00 /* Release */,
			);
			defaultConfigurationIsVisible = 0;
			defaultConfigurationName = Release;
		};
		73B67B0F1FA1F4F600C47C00 /* Build configuration list for PBXNativeTarget "MyVibeTests" */ = {
			isa = XCConfigurationList;
			buildConfigurations = (
				73B67B101FA1F4F600C47C00 /* Development */,
				73B67B111FA1F4F600C47C00 /* Release */,
			);
			defaultConfigurationIsVisible = 0;
			defaultConfigurationName = Release;
		};
/* End XCConfigurationList section */
	};
	rootObject = 73B67AE71FA1F4F500C47C00 /* Project object */;
}
